
Microsoft Visual Studio Solution File, Format Version 12.00
# Visual Studio Version 17
VisualStudioVersion = 17.7.34024.191
MinimumVisualStudioVersion = 10.0.40219.1
Project("{FAE04EC0-301F-11D3-BF4B-00C04F79EFBC}") = "NewsManagementMinimal", "NewsManagementMinimal.csproj", "{6EC94C6A-3BAA-490A-9FCF-6D34E1A95BEC}"
EndProject
Global
	GlobalSection(SolutionConfigurationPlatforms) = preSolution
		Debug|Any CPU = Debug|Any CPU
		Release|Any CPU = Release|Any CPU
	EndGlobalSection
	GlobalSection(ProjectConfigurationPlatforms) = postSolution
		{6EC94C6A-3BAA-490A-9FCF-6D34E1A95BEC}.Debug|Any CPU.ActiveCfg = Debug|Any CPU
		{6EC94C6A-3BAA-490A-9FCF-6D34E1A95BEC}.Debug|Any CPU.Build.0 = Debug|Any CPU
		{6EC94C6A-3BAA-490A-9FCF-6D34E1A95BEC}.Release|Any CPU.ActiveCfg = Release|Any CPU
		{6EC94C6A-3BAA-490A-9FCF-6D34E1A95BEC}.Release|Any CPU.Build.0 = Release|Any CPU
	EndGlobalSection
	GlobalSection(SolutionProperties) = preSolution
		HideSolutionNode = FALSE
	EndGlobalSection
	GlobalSection(ExtensibilityGlobals) = postSolution
		SolutionGuid = {CE0DCE03-2F1A-457E-9EDE-0531290A19B5}
	EndGlobalSection
EndGlobal
